
Microsoft Visual Studio Solution File, Format Version 12.00
# Visual Studio Version 17
VisualStudioVersion = 17.12.35209.166
MinimumVisualStudioVersion = 10.0.40219.1
Project("{FAE04EC0-301F-11D3-BF4B-00C04F79EFBC}") = "TinDungNganHang", "TinDungNganHang.csproj", "{3BFBEE13-986B-45F1-B11D-24FF3CD881D8}"
EndProject
Global
	GlobalSection(SolutionConfigurationPlatforms) = preSolution
		Debug|Any CPU = Debug|Any CPU
		Release|Any CPU = Release|Any CPU
	EndGlobalSection
	GlobalSection(ProjectConfigurationPlatforms) = postSolution
		{3BFBEE13-986B-45F1-B11D-24FF3CD881D8}.Debug|Any CPU.ActiveCfg = Debug|Any CPU
		{3BFBEE13-986B-45F1-B11D-24FF3CD881D8}.Debug|Any CPU.Build.0 = Debug|Any CPU
		{3BFBEE13-986B-45F1-B11D-24FF3CD881D8}.Release|Any CPU.ActiveCfg = Release|Any CPU
		{3BFBEE13-986B-45F1-B11D-24FF3CD881D8}.Release|Any CPU.Build.0 = Release|Any CPU
	EndGlobalSection
	GlobalSection(SolutionProperties) = preSolution
		HideSolutionNode = FALSE
	EndGlobalSection
	GlobalSection(ExtensibilityGlobals) = postSolution
		SolutionGuid = {51988074-68D4-4E3B-8579-F4F0D13ACFC4}
	EndGlobalSection
EndGlobal
